// !$*UTF8*$!
{
	archiveVersion = 1;
	classes = {
	};
	objectVersion = 55;
	objects = {

/* Begin PBXBuildFile section */
		5C566A872795586D0061E20F /* VideoBackgroundSwiftUIApp.swift in Sources */ = {isa = PBXBuildFile; fileRef = 5C566A862795586D0061E20F /* VideoBackgroundSwiftUIApp.swift */; };
		5C566A892795586D0061E20F /* ContentView.swift in Sources */ = {isa = PBXBuildFile; fileRef = 5C566A882795586D0061E20F /* ContentView.swift */; };
		5C566A8B2795586E0061E20F /* Assets.xcassets in Resources */ = {isa = PBXBuildFile; fileRef = 5C566A8A2795586E0061E20F /* Assets.xcassets */; };
		5C566A8E2795586E0061E20F /* Preview Assets.xcassets in Resources */ = {isa = PBXBuildFile; fileRef = 5C566A8D2795586E0061E20F /* Preview Assets.xcassets */; };
		5C566A9827955A740061E20F /* boat.mp4 in Resources */ = {isa = PBXBuildFile; fileRef = 5C566A9727955A740061E20F /* boat.mp4 */; };
		5C566A9E279565CD0061E20F /* PlayerView.swift in Sources */ = {isa = PBXBuildFile; fileRef = 5C566A9D279565CD0061E20F /* PlayerView.swift */; };
		5C566AA0279566510061E20F /* Card.swift in Sources */ = {isa = PBXBuildFile; fileRef = 5C566A9F279566510061E20F /* Card.swift */; };
		5C566AA2279567630061E20F /* CardView.swift in Sources */ = {isa = PBXBuildFile; fileRef = 5C566AA1279567630061E20F /* CardView.swift */; };
		5C5870EA2795A33800EB0C74 /* TestLogin.swift in Sources */ = {isa = PBXBuildFile; fileRef = 5C5870E92795A33800EB0C74 /* TestLogin.swift */; };
/* End PBXBuildFile section */

/* Begin PBXFileReference section */
		5C566A832795586D0061E20F /* VideoBackgroundSwiftUI.app */ = {isa = PBXFileReference; explicitFileType = wrapper.application; includeInIndex = 0; path = VideoBackgroundSwiftUI.app; sourceTree = BUILT_PRODUCTS_DIR; };
		5C566A862795586D0061E20F /* VideoBackgroundSwiftUIApp.swift */ = {isa = PBXFileReference; lastKnownFileType = sourcecode.swift; path = VideoBackgroundSwiftUIApp.swift; sourceTree = "<group>"; };
		5C566A882795586D0061E20F /* ContentView.swift */ = {isa = PBXFileReference; lastKnownFileType = sourcecode.swift; path = ContentView.swift; sourceTree = "<group>"; };
		5C566A8A2795586E0061E20F /* Assets.xcassets */ = {isa = PBXFileReference; lastKnownFileType = folder.assetcatalog; path = Assets.xcassets; sourceTree = "<group>"; };
		5C566A8D2795586E0061E20F /* Preview Assets.xcassets */ = {isa = PBXFileReference; lastKnownFileType = folder.assetcatalog; path = "Preview Assets.xcassets"; sourceTree = "<group>"; };
		5C566A9727955A740061E20F /* boat.mp4 */ = {isa = PBXFileReference; lastKnownFileType = file; path = boat.mp4; sourceTree = "<group>"; };
		5C566A9D279565CD0061E20F /* PlayerView.swift */ = {isa = PBXFileReference; lastKnownFileType = sourcecode.swift; path = PlayerView.swift; sourceTree = "<group>"; };
		5C566A9F279566510061E20F /* Card.swift */ = {isa = PBXFileReference; lastKnownFileType = sourcecode.swift; path = Card.swift; sourceTree = "<group>"; };
		5C566AA1279567630061E20F /* CardView.swift */ = {isa = PBXFileReference; lastKnownFileType = sourcecode.swift; path = CardView.swift; sourceTree = "<group>"; };
		5C5870E92795A33800EB0C74 /* TestLogin.swift */ = {isa = PBXFileReference; lastKnownFileType = sourcecode.swift; path = TestLogin.swift; sourceTree = "<group>"; };
/* End PBXFileReference section */

/* Begin PBXFrameworksBuildPhase section */
		5C566A802795586D0061E20F /* Frameworks */ = {
			isa = PBXFrameworksBuildPhase;
			buildActionMask = 2147483647;
			files = (
			);
			runOnlyForDeploymentPostprocessing = 0;
		};
/* End PBXFrameworksBuildPhase section */

/* Begin PBXGroup section */
		5C566A7A2795586D0061E20F = {
			isa = PBXGroup;
			children = (
				5C566A852795586D0061E20F /* VideoBackgroundSwiftUI */,
				5C566A842795586D0061E20F /* Products */,
			);
			sourceTree = "<group>";
		};
		5C566A842795586D0061E20F /* Products */ = {
			isa = PBXGroup;
			children = (
				5C566A832795586D0061E20F /* VideoBackgroundSwiftUI.app */,
			);
			name = Products;
			sourceTree = "<group>";
		};
		5C566A852795586D0061E20F /* VideoBackgroundSwiftUI */ = {
			isa = PBXGroup;
			children = (
				5C566A9C279565960061E20F /* Model */,
				5C566A9B279565800061E20F /* View */,
				5C566A9727955A740061E20F /* boat.mp4 */,
				5C566A862795586D0061E20F /* VideoBackgroundSwiftUIApp.swift */,
				5C566A882795586D0061E20F /* ContentView.swift */,
				5C566A8A2795586E0061E20F /* Assets.xcassets */,
				5C566A8C2795586E0061E20F /* Preview Content */,
			);
			path = VideoBackgroundSwiftUI;
			sourceTree = "<group>";
		};
		5C566A8C2795586E0061E20F /* Preview Content */ = {
			isa = PBXGroup;
			children = (
				5C566A8D2795586E0061E20F /* Preview Assets.xcassets */,
			);
			path = "Preview Content";
			sourceTree = "<group>";
		};
		5C566A9B279565800061E20F /* View */ = {
			isa = PBXGroup;
			children = (
				5C566A9D279565CD0061E20F /* PlayerView.swift */,
				5C566AA1279567630061E20F /* CardView.swift */,
				5C5870E92795A33800EB0C74 /* TestLogin.swift */,
			);
			path = View;
			sourceTree = "<group>";
		};
		5C566A9C279565960061E20F /* Model */ = {
			isa = PBXGroup;
			children = (
				5C566A9F279566510061E20F /* Card.swift */,
			);
			path = Model;
			sourceTree = "<group>";
		};
/* End PBXGroup section */

/* Begin PBXNativeTarget section */
		5C566A822795586D0061E20F /* VideoBackgroundSwiftUI */ = {
			isa = PBXNativeTarget;
			buildConfigurationList = 5C566A912795586E0061E20F /* Build configuration list for PBXNativeTarget "VideoBackgroundSwiftUI" */;
			buildPhases = (
				5C566A7F2795586D0061E20F /* Sources */,
				5C566A802795586D0061E20F /* Frameworks */,
				5C566A812795586D0061E20F /* Resources */,
			);
			buildRules = (
			);
			dependencies = (
			);
			name = VideoBackgroundSwiftUI;
			productName = VideoBackgroundSwiftUI;
			productReference = 5C566A832795586D0061E20F /* VideoBackgroundSwiftUI.app */;
			productType = "com.apple.product-type.application";
		};
/* End PBXNativeTarget section */

/* Begin PBXProject section */
		5C566A7B2795586D0061E20F /* Project object */ = {
			isa = PBXProject;
			attributes = {
				BuildIndependentTargetsInParallel = 1;
				LastSwiftUpdateCheck = 1320;
				LastUpgradeCheck = 1320;
				TargetAttributes = {
					5C566A822795586D0061E20F = {
						CreatedOnToolsVersion = 13.2.1;
					};
				};
			};
			buildConfigurationList = 5C566A7E2795586D0061E20F /* Build configuration list for PBXProject "VideoBackgroundSwiftUI" */;
			compatibilityVersion = "Xcode 13.0";
			developmentRegion = en;
			hasScannedForEncodings = 0;
			knownRegions = (
				en,
				Base,
			);
			mainGroup = 5C566A7A2795586D0061E20F;
			productRefGroup = 5C566A842795586D0061E20F /* Products */;
			projectDirPath = "";
			projectRoot = "";
			targets = (
				5C566A822795586D0061E20F /* VideoBackgroundSwiftUI */,
			);
		};
/* End PBXProject section */

/* Begin PBXResourcesBuildPhase section */
		5C566A812795586D0061E20F /* Resources */ = {
			isa = PBXResourcesBuildPhase;
			buildActionMask = 2147483647;
			files = (
				5C566A8E2795586E0061E20F /* Preview Assets.xcassets in Resources */,
				5C566A9827955A740061E20F /* boat.mp4 in Resources */,
				5C566A8B2795586E0061E20F /* Assets.xcassets in Resources */,
			);
			runOnlyForDeploymentPostprocessing = 0;
		};
/* End PBXResourcesBuildPhase section */

/* Begin PBXSourcesBuildPhase section */
		5C566A7F2795586D0061E20F /* Sources */ = {
			isa = PBXSourcesBuildPhase;
			buildActionMask = 2147483647;
			files = (
				5C566A9E279565CD0061E20F /* PlayerView.swift in Sources */,
				5C566A892795586D0061E20F /* ContentView.swift in Sources */,
				5C566A872795586D0061E20F /* VideoBackgroundSwiftUIApp.swift in Sources */,
				5C5870EA2795A33800EB0C74 /* TestLogin.swift in Sources */,
				5C566AA0279566510061E20F /* Card.swift in Sources */,
				5C566AA2279567630061E20F /* CardView.swift in Sources */,
			);
			runOnlyForDeploymentPostprocessing = 0;
		};
/* End PBXSourcesBuildPhase section */

/* Begin XCBuildConfiguration section */
		5C566A8F2795586E0061E20F /* Debug */ = {
			isa = XCBuildConfiguration;
			buildSettings = {
				ALWAYS_SEARCH_USER_PATHS = NO;
				CLANG_ANALYZER_NONNULL = YES;
				CLANG_ANALYZER_NUMBER_OBJECT_CONVERSION = YES_AGGRESSIVE;
				CLANG_CXX_LANGUAGE_STANDARD = "gnu++17";
				CLANG_CXX_LIBRARY = "libc++";
				CLANG_ENABLE_MODULES = YES;
				CLANG_ENABLE_OBJC_ARC = YES;
				CLANG_ENABLE_OBJC_WEAK = YES;
				CLANG_WARN_BLOCK_CAPTURE_AUTORELEASING = YES;
				CLANG_WARN_BOOL_CONVERSION = YES;
				CLANG_WARN_COMMA = YES;
				CLANG_WARN_CONSTANT_CONVERSION = YES;
				CLANG_WARN_DEPRECATED_OBJC_IMPLEMENTATIONS = YES;
				CLANG_WARN_DIRECT_OBJC_ISA_USAGE = YES_ERROR;
				CLANG_WARN_DOCUMENTATION_COMMENTS = YES;
				CLANG_WARN_EMPTY_BODY = YES;
				CLANG_WARN_ENUM_CONVERSION = YES;
				CLANG_WARN_INFINITE_RECURSION = YES;
				CLANG_WARN_INT_CONVERSION = YES;
				CLANG_WARN_NON_LITERAL_NULL_CONVERSION = YES;
				CLANG_WARN_OBJC_IMPLICIT_RETAIN_SELF = YES;
				CLANG_WARN_OBJC_LITERAL_CONVERSION = YES;
				CLANG_WARN_OBJC_ROOT_CLASS = YES_ERROR;
				CLANG_WARN_QUOTED_INCLUDE_IN_FRAMEWORK_HEADER = YES;
				CLANG_WARN_RANGE_LOOP_ANALYSIS = YES;
				CLANG_WARN_STRICT_PROTOTYPES = YES;
				CLANG_WARN_SUSPICIOUS_MOVE = YES;
				CLANG_WARN_UNGUARDED_AVAILABILITY = YES_AGGRESSIVE;
				CLANG_WARN_UNREACHABLE_CODE = YES;
				CLANG_WARN__DUPLICATE_METHOD_MATCH = YES;
				COPY_PHASE_STRIP = NO;
				DEBUG_INFORMATION_FORMAT = dwarf;
				ENABLE_STRICT_OBJC_MSGSEND = YES;
				ENABLE_TESTABILITY = YES;
				GCC_C_LANGUAGE_STANDARD = gnu11;
				GCC_DYNAMIC_NO_PIC = NO;
				GCC_NO_COMMON_BLOCKS = YES;
				GCC_OPTIMIZATION_LEVEL = 0;
				GCC_PREPROCESSOR_DEFINITIONS = (
					"DEBUG=1",
					"$(inherited)",
				);
				GCC_WARN_64_TO_32_BIT_CONVERSION = YES;
				GCC_WARN_ABOUT_RETURN_TYPE = YES_ERROR;
				GCC_WARN_UNDECLARED_SELECTOR = YES;
				GCC_WARN_UNINITIALIZED_AUTOS = YES_AGGRESSIVE;
				GCC_WARN_UNUSED_FUNCTION = YES;
				GCC_WARN_UNUSED_VARIABLE = YES;
				IPHONEOS_DEPLOYMENT_TARGET = 15.2;
				MTL_ENABLE_DEBUG_INFO = INCLUDE_SOURCE;
				MTL_FAST_MATH = YES;
				ONLY_ACTIVE_ARCH = YES;
				SDKROOT = iphoneos;
				SWIFT_ACTIVE_COMPILATION_CONDITIONS = DEBUG;
				SWIFT_OPTIMIZATION_LEVEL = "-Onone";
			};
			name = Debug;
		};
		5C566A902795586E0061E20F /* Release */ = {
			isa = XCBuildConfiguration;
			buildSettings = {
				ALWAYS_SEARCH_USER_PATHS = NO;
				CLANG_ANALYZER_NONNULL = YES;
				CLANG_ANALYZER_NUMBER_OBJECT_CONVERSION = YES_AGGRESSIVE;
				CLANG_CXX_LANGUAGE_STANDARD = "gnu++17";
				CLANG_CXX_LIBRARY = "libc++";
				CLANG_ENABLE_MODULES = YES;
				CLANG_ENABLE_OBJC_ARC = YES;
				CLANG_ENABLE_OBJC_WEAK = YES;
				CLANG_WARN_BLOCK_CAPTURE_AUTORELEASING = YES;
				CLANG_WARN_BOOL_CONVERSION = YES;
				CLANG_WARN_COMMA = YES;
				CLANG_WARN_CONSTANT_CONVERSION = YES;
				CLANG_WARN_DEPRECATED_OBJC_IMPLEMENTATIONS = YES;
				CLANG_WARN_DIRECT_OBJC_ISA_USAGE = YES_ERROR;
				CLANG_WARN_DOCUMENTATION_COMMENTS = YES;
				CLANG_WARN_EMPTY_BODY = YES;
				CLANG_WARN_ENUM_CONVERSION = YES;
				CLANG_WARN_INFINITE_RECURSION = YES;
				CLANG_WARN_INT_CONVERSION = YES;
				CLANG_WARN_NON_LITERAL_NULL_CONVERSION = YES;
				CLANG_WARN_OBJC_IMPLICIT_RETAIN_SELF = YES;
				CLANG_WARN_OBJC_LITERAL_CONVERSION = YES;
				CLANG_WARN_OBJC_ROOT_CLASS = YES_ERROR;
				CLANG_WARN_QUOTED_INCLUDE_IN_FRAMEWORK_HEADER = YES;
				CLANG_WARN_RANGE_LOOP_ANALYSIS = YES;
				CLANG_WARN_STRICT_PROTOTYPES = YES;
				CLANG_WARN_SUSPICIOUS_MOVE = YES;
				CLANG_WARN_UNGUARDED_AVAILABILITY = YES_AGGRESSIVE;
				CLANG_WARN_UNREACHABLE_CODE = YES;
				CLANG_WARN__DUPLICATE_METHOD_MATCH = YES;
				COPY_PHASE_STRIP = NO;
				DEBUG_INFORMATION_FORMAT = "dwarf-with-dsym";
				ENABLE_NS_ASSERTIONS = NO;
				ENABLE_STRICT_OBJC_MSGSEND = YES;
				GCC_C_LANGUAGE_STANDARD = gnu11;
				GCC_NO_COMMON_BLOCKS = YES;
				GCC_WARN_64_TO_32_BIT_CONVERSION = YES;
				GCC_WARN_ABOUT_RETURN_TYPE = YES_ERROR;
				GCC_WARN_UNDECLARED_SELECTOR = YES;
				GCC_WARN_UNINITIALIZED_AUTOS = YES_AGGRESSIVE;
				GCC_WARN_UNUSED_FUNCTION = YES;
				GCC_WARN_UNUSED_VARIABLE = YES;
				IPHONEOS_DEPLOYMENT_TARGET = 15.2;
				MTL_ENABLE_DEBUG_INFO = NO;
				MTL_FAST_MATH = YES;
				SDKROOT = iphoneos;
				SWIFT_COMPILATION_MODE = wholemodule;
				SWIFT_OPTIMIZATION_LEVEL = "-O";
				VALIDATE_PRODUCT = YES;
			};
			name = Release;
		};
		5C566A922795586E0061E20F /* Debug */ = {
			isa = XCBuildConfiguration;
			buildSettings = {
				ASSETCATALOG_COMPILER_APPICON_NAME = AppIcon;
				ASSETCATALOG_COMPILER_GLOBAL_ACCENT_COLOR_NAME = AccentColor;
				CODE_SIGN_STYLE = Automatic;
				CURRENT_PROJECT_VERSION = 1;
				DEVELOPMENT_ASSET_PATHS = "\"VideoBackgroundSwiftUI/Preview Content\"";
				DEVELOPMENT_TEAM = 56ZBSRTSDR;
				ENABLE_PREVIEWS = YES;
				GENERATE_INFOPLIST_FILE = YES;
				INFOPLIST_KEY_UIApplicationSceneManifest_Generation = YES;
				INFOPLIST_KEY_UIApplicationSupportsIndirectInputEvents = YES;
				INFOPLIST_KEY_UILaunchScreen_Generation = YES;
				INFOPLIST_KEY_UISupportedInterfaceOrientations_iPad = "UIInterfaceOrientationPortrait UIInterfaceOrientationPortraitUpsideDown UIInterfaceOrientationLandscapeLeft UIInterfaceOrientationLandscapeRight";
				INFOPLIST_KEY_UISupportedInterfaceOrientations_iPhone = "UIInterfaceOrientationPortrait UIInterfaceOrientationLandscapeLeft UIInterfaceOrientationLandscapeRight";
				LD_RUNPATH_SEARCH_PATHS = (
					"$(inherited)",
					"@executable_path/Frameworks",
				);
				MARKETING_VERSION = 1.0;
				PRODUCT_BUNDLE_IDENTIFIER = com.shreyasvilaschandrabhike.VideoBackgroundSwiftUI;
				PRODUCT_NAME = "$(TARGET_NAME)";
				SWIFT_EMIT_LOC_STRINGS = YES;
				SWIFT_VERSION = 5.0;
				TARGETED_DEVICE_FAMILY = "1,2";
			};
			name = Debug;
		};
		5C566A932795586E0061E20F /* Release */ = {
			isa = XCBuildConfiguration;
			buildSettings = {
				ASSETCATALOG_COMPILER_APPICON_NAME = AppIcon;
				ASSETCATALOG_COMPILER_GLOBAL_ACCENT_COLOR_NAME = AccentColor;
				CODE_SIGN_STYLE = Automatic;
				CURRENT_PROJECT_VERSION = 1;
				DEVELOPMENT_ASSET_PATHS = "\"VideoBackgroundSwiftUI/Preview Content\"";
				DEVELOPMENT_TEAM = 56ZBSRTSDR;
				ENABLE_PREVIEWS = YES;
				GENERATE_INFOPLIST_FILE = YES;
				INFOPLIST_KEY_UIApplicationSceneManifest_Generation = YES;
				INFOPLIST_KEY_UIApplicationSupportsIndirectInputEvents = YES;
				INFOPLIST_KEY_UILaunchScreen_Generation = YES;
				INFOPLIST_KEY_UISupportedInterfaceOrientations_iPad = "UIInterfaceOrientationPortrait UIInterfaceOrientationPortraitUpsideDown UIInterfaceOrientationLandscapeLeft UIInterfaceOrientationLandscapeRight";
				INFOPLIST_KEY_UISupportedInterfaceOrientations_iPhone = "UIInterfaceOrientationPortrait UIInterfaceOrientationLandscapeLeft UIInterfaceOrientationLandscapeRight";
				LD_RUNPATH_SEARCH_PATHS = (
					"$(inherited)",
					"@executable_path/Frameworks",
				);
				MARKETING_VERSION = 1.0;
				PRODUCT_BUNDLE_IDENTIFIER = com.shreyasvilaschandrabhike.VideoBackgroundSwiftUI;
				PRODUCT_NAME = "$(TARGET_NAME)";
				SWIFT_EMIT_LOC_STRINGS = YES;
				SWIFT_VERSION = 5.0;
				TARGETED_DEVICE_FAMILY = "1,2";
			};
			name = Release;
		};
/* End XCBuildConfiguration section */

/* Begin XCConfigurationList section */
		5C566A7E2795586D0061E20F /* Build configuration list for PBXProject "VideoBackgroundSwiftUI" */ = {
			isa = XCConfigurationList;
			buildConfigurations = (
				5C566A8F2795586E0061E20F /* Debug */,
				5C566A902795586E0061E20F /* Release */,
			);
			defaultConfigurationIsVisible = 0;
			defaultConfigurationName = Release;
		};
		5C566A912795586E0061E20F /* Build configuration list for PBXNativeTarget "VideoBackgroundSwiftUI" */ = {
			isa = XCConfigurationList;
			buildConfigurations = (
				5C566A922795586E0061E20F /* Debug */,
				5C566A932795586E0061E20F /* Release */,
			);
			defaultConfigurationIsVisible = 0;
			defaultConfigurationName = Release;
		};
/* End XCConfigurationList section */
	};
	rootObject = 5C566A7B2795586D0061E20F /* Project object */;
}
